
Microsoft Visual Studio Solution File, Format Version 12.00
# Visual Studio Version 17
VisualStudioVersion = 17.8.34525.116
MinimumVisualStudioVersion = 10.0.40219.1
Project("{FAE04EC0-301F-11D3-BF4B-00C04F79EFBC}") = "ITTicketingSystem", "ITTicketingSystem\ITTicketingSystem.csproj", "{73A1880D-5620-465F-8D1A-5FFF6A4D0EC6}"
EndProject
Global
	GlobalSection(SolutionConfigurationPlatforms) = preSolution
		Debug|Any CPU = Debug|Any CPU
		Release|Any CPU = Release|Any CPU
	EndGlobalSection
	GlobalSection(ProjectConfigurationPlatforms) = postSolution
		{73A1880D-5620-465F-8D1A-5FFF6A4D0EC6}.Debug|Any CPU.ActiveCfg = Debug|Any CPU
		{73A1880D-5620-465F-8D1A-5FFF6A4D0EC6}.Debug|Any CPU.Build.0 = Debug|Any CPU
		{73A1880D-5620-465F-8D1A-5FFF6A4D0EC6}.Release|Any CPU.ActiveCfg = Release|Any CPU
		{73A1880D-5620-465F-8D1A-5FFF6A4D0EC6}.Release|Any CPU.Build.0 = Release|Any CPU
	EndGlobalSection
	GlobalSection(SolutionProperties) = preSolution
		HideSolutionNode = FALSE
	EndGlobalSection
	GlobalSection(ExtensibilityGlobals) = postSolution
		SolutionGuid = {C7008450-A9C1-49CD-85C6-FA2DB0341F70}
	EndGlobalSection
EndGlobal
